
Microsoft Visual Studio Solution File, Format Version 12.00
# Visual Studio 15
VisualStudioVersion = 15.0.26730.10
MinimumVisualStudioVersion = 10.0.40219.1

Project("{6EC3EE1D-3C4E-46DD-8F32-0CC8E7565705}") = "SqueakyApp", "SqueakyApp\SqueakyApp.fsproj", "{B0D8BA97-4F5C-4554-87FD-5792BB79519B}"
EndProject

Project("{F2A71F9B-5D33-465A-A702-920D77279786}") = "SqueakyApp.Android", "SqueakyApp.Android\SqueakyApp.Android.fsproj", "{1CA79C6E-B9ED-4B58-ABBA-4E441FC948DB}"
EndProject


Project("{F2A71F9B-5D33-465A-A702-920D77279786}") = "SqueakyApp.iOS", "SqueakyApp.iOS\SqueakyApp.iOS.fsproj", "{8B489015-8159-4C31-AC21-D7364A61F07C}"
EndProject




Global
	GlobalSection(SolutionConfigurationPlatforms) = preSolution
		Ad-Hoc|Any CPU = Ad-Hoc|Any CPU
		Ad-Hoc|ARM = Ad-Hoc|ARM
		Ad-Hoc|iPhone = Ad-Hoc|iPhone
		Ad-Hoc|iPhoneSimulator = Ad-Hoc|iPhoneSimulator
		Ad-Hoc|x64 = Ad-Hoc|x64
		Ad-Hoc|x86 = Ad-Hoc|x86
		AppStore|Any CPU = AppStore|Any CPU
		AppStore|ARM = AppStore|ARM
		AppStore|iPhone = AppStore|iPhone
		AppStore|iPhoneSimulator = AppStore|iPhoneSimulator
		AppStore|x64 = AppStore|x64
		AppStore|x86 = AppStore|x86
		Debug|Any CPU = Debug|Any CPU
		Debug|ARM = Debug|ARM
		Debug|iPhone = Debug|iPhone
		Debug|iPhoneSimulator = Debug|iPhoneSimulator
		Debug|x64 = Debug|x64
		Debug|x86 = Debug|x86
		Release|Any CPU = Release|Any CPU
		Release|ARM = Release|ARM
		Release|iPhone = Release|iPhone
		Release|iPhoneSimulator = Release|iPhoneSimulator
		Release|x64 = Release|x64
		Release|x86 = Release|x86
	EndGlobalSection
	GlobalSection(ProjectConfigurationPlatforms) = postSolution
		{B0D8BA97-4F5C-4554-87FD-5792BB79519B}.Ad-Hoc|Any CPU.ActiveCfg = Debug|Any CPU
		{B0D8BA97-4F5C-4554-87FD-5792BB79519B}.Ad-Hoc|Any CPU.Build.0 = Debug|Any CPU
		{B0D8BA97-4F5C-4554-87FD-5792BB79519B}.Ad-Hoc|ARM.ActiveCfg = Debug|Any CPU
		{B0D8BA97-4F5C-4554-87FD-5792BB79519B}.Ad-Hoc|ARM.Build.0 = Debug|Any CPU
		{B0D8BA97-4F5C-4554-87FD-5792BB79519B}.Ad-Hoc|iPhone.ActiveCfg = Debug|Any CPU
		{B0D8BA97-4F5C-4554-87FD-5792BB79519B}.Ad-Hoc|iPhone.Build.0 = Debug|Any CPU
		{B0D8BA97-4F5C-4554-87FD-5792BB79519B}.Ad-Hoc|iPhoneSimulator.ActiveCfg = Debug|Any CPU
		{B0D8BA97-4F5C-4554-87FD-5792BB79519B}.Ad-Hoc|iPhoneSimulator.Build.0 = Debug|Any CPU
		{B0D8BA97-4F5C-4554-87FD-5792BB79519B}.Ad-Hoc|x64.ActiveCfg = Debug|Any CPU
		{B0D8BA97-4F5C-4554-87FD-5792BB79519B}.Ad-Hoc|x64.Build.0 = Debug|Any CPU
		{B0D8BA97-4F5C-4554-87FD-5792BB79519B}.Ad-Hoc|x86.ActiveCfg = Debug|Any CPU
		{B0D8BA97-4F5C-4554-87FD-5792BB79519B}.Ad-Hoc|x86.Build.0 = Debug|Any CPU
		{B0D8BA97-4F5C-4554-87FD-5792BB79519B}.AppStore|Any CPU.ActiveCfg = Debug|Any CPU
		{B0D8BA97-4F5C-4554-87FD-5792BB79519B}.AppStore|Any CPU.Build.0 = Debug|Any CPU
		{B0D8BA97-4F5C-4554-87FD-5792BB79519B}.AppStore|ARM.ActiveCfg = Debug|Any CPU
		{B0D8BA97-4F5C-4554-87FD-5792BB79519B}.AppStore|ARM.Build.0 = Debug|Any CPU
		{B0D8BA97-4F5C-4554-87FD-5792BB79519B}.AppStore|iPhone.ActiveCfg = Debug|Any CPU
		{B0D8BA97-4F5C-4554-87FD-5792BB79519B}.AppStore|iPhone.Build.0 = Debug|Any CPU
		{B0D8BA97-4F5C-4554-87FD-5792BB79519B}.AppStore|iPhoneSimulator.ActiveCfg = Debug|Any CPU
		{B0D8BA97-4F5C-4554-87FD-5792BB79519B}.AppStore|iPhoneSimulator.Build.0 = Debug|Any CPU
		{B0D8BA97-4F5C-4554-87FD-5792BB79519B}.AppStore|x64.ActiveCfg = Debug|Any CPU
		{B0D8BA97-4F5C-4554-87FD-5792BB79519B}.AppStore|x64.Build.0 = Debug|Any CPU
		{B0D8BA97-4F5C-4554-87FD-5792BB79519B}.AppStore|x86.ActiveCfg = Debug|Any CPU
		{B0D8BA97-4F5C-4554-87FD-5792BB79519B}.AppStore|x86.Build.0 = Debug|Any CPU
		{B0D8BA97-4F5C-4554-87FD-5792BB79519B}.Debug|Any CPU.ActiveCfg = Debug|Any CPU
		{B0D8BA97-4F5C-4554-87FD-5792BB79519B}.Debug|Any CPU.Build.0 = Debug|Any CPU
		{B0D8BA97-4F5C-4554-87FD-5792BB79519B}.Debug|ARM.ActiveCfg = Debug|Any CPU
		{B0D8BA97-4F5C-4554-87FD-5792BB79519B}.Debug|ARM.Build.0 = Debug|Any CPU
		{B0D8BA97-4F5C-4554-87FD-5792BB79519B}.Debug|iPhone.ActiveCfg = Debug|Any CPU
		{B0D8BA97-4F5C-4554-87FD-5792BB79519B}.Debug|iPhone.Build.0 = Debug|Any CPU
		{B0D8BA97-4F5C-4554-87FD-5792BB79519B}.Debug|iPhoneSimulator.ActiveCfg = Debug|Any CPU
		{B0D8BA97-4F5C-4554-87FD-5792BB79519B}.Debug|iPhoneSimulator.Build.0 = Debug|Any CPU
		{B0D8BA97-4F5C-4554-87FD-5792BB79519B}.Debug|x64.ActiveCfg = Debug|Any CPU
		{B0D8BA97-4F5C-4554-87FD-5792BB79519B}.Debug|x64.Build.0 = Debug|Any CPU
		{B0D8BA97-4F5C-4554-87FD-5792BB79519B}.Debug|x86.ActiveCfg = Debug|Any CPU
		{B0D8BA97-4F5C-4554-87FD-5792BB79519B}.Debug|x86.Build.0 = Debug|Any CPU
		{B0D8BA97-4F5C-4554-87FD-5792BB79519B}.Release|Any CPU.ActiveCfg = Release|Any CPU
		{B0D8BA97-4F5C-4554-87FD-5792BB79519B}.Release|Any CPU.Build.0 = Release|Any CPU
		{B0D8BA97-4F5C-4554-87FD-5792BB79519B}.Release|ARM.ActiveCfg = Release|Any CPU
		{B0D8BA97-4F5C-4554-87FD-5792BB79519B}.Release|ARM.Build.0 = Release|Any CPU
		{B0D8BA97-4F5C-4554-87FD-5792BB79519B}.Release|iPhone.ActiveCfg = Release|Any CPU
		{B0D8BA97-4F5C-4554-87FD-5792BB79519B}.Release|iPhone.Build.0 = Release|Any CPU
		{B0D8BA97-4F5C-4554-87FD-5792BB79519B}.Release|iPhoneSimulator.ActiveCfg = Release|Any CPU
		{B0D8BA97-4F5C-4554-87FD-5792BB79519B}.Release|iPhoneSimulator.Build.0 = Release|Any CPU
		{B0D8BA97-4F5C-4554-87FD-5792BB79519B}.Release|x64.ActiveCfg = Release|Any CPU
		{B0D8BA97-4F5C-4554-87FD-5792BB79519B}.Release|x64.Build.0 = Release|Any CPU
		{B0D8BA97-4F5C-4554-87FD-5792BB79519B}.Release|x86.ActiveCfg = Release|Any CPU
		{B0D8BA97-4F5C-4554-87FD-5792BB79519B}.Release|x86.Build.0 = Release|Any CPU
		{8B489015-8159-4C31-AC21-D7364A61F07C}.Ad-Hoc|Any CPU.ActiveCfg = Ad-Hoc|iPhone
		{8B489015-8159-4C31-AC21-D7364A61F07C}.Ad-Hoc|ARM.ActiveCfg = Ad-Hoc|iPhone
		{8B489015-8159-4C31-AC21-D7364A61F07C}.Ad-Hoc|iPhone.ActiveCfg = Ad-Hoc|iPhone
		{8B489015-8159-4C31-AC21-D7364A61F07C}.Ad-Hoc|iPhone.Build.0 = Ad-Hoc|iPhone
		{8B489015-8159-4C31-AC21-D7364A61F07C}.Ad-Hoc|iPhoneSimulator.ActiveCfg = Ad-Hoc|iPhoneSimulator
		{8B489015-8159-4C31-AC21-D7364A61F07C}.Ad-Hoc|iPhoneSimulator.Build.0 = Ad-Hoc|iPhoneSimulator
		{8B489015-8159-4C31-AC21-D7364A61F07C}.Ad-Hoc|x64.ActiveCfg = Ad-Hoc|iPhone
		{8B489015-8159-4C31-AC21-D7364A61F07C}.Ad-Hoc|x86.ActiveCfg = Ad-Hoc|iPhone
		{8B489015-8159-4C31-AC21-D7364A61F07C}.AppStore|Any CPU.ActiveCfg = AppStore|iPhone
		{8B489015-8159-4C31-AC21-D7364A61F07C}.AppStore|ARM.ActiveCfg = AppStore|iPhone
		{8B489015-8159-4C31-AC21-D7364A61F07C}.AppStore|iPhone.ActiveCfg = AppStore|iPhone
		{8B489015-8159-4C31-AC21-D7364A61F07C}.AppStore|iPhone.Build.0 = AppStore|iPhone
		{8B489015-8159-4C31-AC21-D7364A61F07C}.AppStore|iPhoneSimulator.ActiveCfg = AppStore|iPhoneSimulator
		{8B489015-8159-4C31-AC21-D7364A61F07C}.AppStore|iPhoneSimulator.Build.0 = AppStore|iPhoneSimulator
		{8B489015-8159-4C31-AC21-D7364A61F07C}.AppStore|x64.ActiveCfg = AppStore|iPhone
		{8B489015-8159-4C31-AC21-D7364A61F07C}.AppStore|x86.ActiveCfg = AppStore|iPhone
		{8B489015-8159-4C31-AC21-D7364A61F07C}.Debug|Any CPU.ActiveCfg = Debug|iPhone
		{8B489015-8159-4C31-AC21-D7364A61F07C}.Debug|ARM.ActiveCfg = Debug|iPhone
		{8B489015-8159-4C31-AC21-D7364A61F07C}.Debug|iPhone.ActiveCfg = Debug|iPhone
		{8B489015-8159-4C31-AC21-D7364A61F07C}.Debug|iPhone.Build.0 = Debug|iPhone
		{8B489015-8159-4C31-AC21-D7364A61F07C}.Debug|iPhoneSimulator.ActiveCfg = Debug|iPhoneSimulator
		{8B489015-8159-4C31-AC21-D7364A61F07C}.Debug|iPhoneSimulator.Build.0 = Debug|iPhoneSimulator
		{8B489015-8159-4C31-AC21-D7364A61F07C}.Debug|x64.ActiveCfg = Debug|iPhone
		{8B489015-8159-4C31-AC21-D7364A61F07C}.Debug|x86.ActiveCfg = Debug|iPhone
		{8B489015-8159-4C31-AC21-D7364A61F07C}.Release|Any CPU.ActiveCfg = Release|iPhone
		{8B489015-8159-4C31-AC21-D7364A61F07C}.Release|ARM.ActiveCfg = Release|iPhone
		{8B489015-8159-4C31-AC21-D7364A61F07C}.Release|iPhone.ActiveCfg = Release|iPhone
		{8B489015-8159-4C31-AC21-D7364A61F07C}.Release|iPhone.Build.0 = Release|iPhone
		{8B489015-8159-4C31-AC21-D7364A61F07C}.Release|iPhoneSimulator.ActiveCfg = Release|iPhoneSimulator
		{8B489015-8159-4C31-AC21-D7364A61F07C}.Release|iPhoneSimulator.Build.0 = Release|iPhoneSimulator
		{8B489015-8159-4C31-AC21-D7364A61F07C}.Release|x64.ActiveCfg = Release|iPhone
		{8B489015-8159-4C31-AC21-D7364A61F07C}.Release|x86.ActiveCfg = Release|iPhone
		{64BB601F-FFB1-43EB-B20B-8BC566C01C2A}.Ad-Hoc|Any CPU.ActiveCfg = Release|x86
		{64BB601F-FFB1-43EB-B20B-8BC566C01C2A}.Ad-Hoc|Any CPU.Build.0 = Release|x86
		{64BB601F-FFB1-43EB-B20B-8BC566C01C2A}.Ad-Hoc|Any CPU.Deploy.0 = Release|x86
		{64BB601F-FFB1-43EB-B20B-8BC566C01C2A}.Ad-Hoc|ARM.ActiveCfg = Release|ARM
		{64BB601F-FFB1-43EB-B20B-8BC566C01C2A}.Ad-Hoc|ARM.Build.0 = Release|ARM
		{64BB601F-FFB1-43EB-B20B-8BC566C01C2A}.Ad-Hoc|ARM.Deploy.0 = Release|ARM
		{64BB601F-FFB1-43EB-B20B-8BC566C01C2A}.Ad-Hoc|iPhone.ActiveCfg = Release|x86
		{64BB601F-FFB1-43EB-B20B-8BC566C01C2A}.Ad-Hoc|iPhone.Build.0 = Release|x86
		{64BB601F-FFB1-43EB-B20B-8BC566C01C2A}.Ad-Hoc|iPhone.Deploy.0 = Release|x86
		{64BB601F-FFB1-43EB-B20B-8BC566C01C2A}.Ad-Hoc|iPhoneSimulator.ActiveCfg = Release|x86
		{64BB601F-FFB1-43EB-B20B-8BC566C01C2A}.Ad-Hoc|iPhoneSimulator.Build.0 = Release|x86
		{64BB601F-FFB1-43EB-B20B-8BC566C01C2A}.Ad-Hoc|iPhoneSimulator.Deploy.0 = Release|x86
		{64BB601F-FFB1-43EB-B20B-8BC566C01C2A}.Ad-Hoc|x64.ActiveCfg = Release|x64
		{64BB601F-FFB1-43EB-B20B-8BC566C01C2A}.Ad-Hoc|x64.Build.0 = Release|x64
		{64BB601F-FFB1-43EB-B20B-8BC566C01C2A}.Ad-Hoc|x64.Deploy.0 = Release|x64
		{64BB601F-FFB1-43EB-B20B-8BC566C01C2A}.Ad-Hoc|x86.ActiveCfg = Release|x86
		{64BB601F-FFB1-43EB-B20B-8BC566C01C2A}.Ad-Hoc|x86.Build.0 = Release|x86
		{64BB601F-FFB1-43EB-B20B-8BC566C01C2A}.Ad-Hoc|x86.Deploy.0 = Release|x86
		{64BB601F-FFB1-43EB-B20B-8BC566C01C2A}.AppStore|Any CPU.ActiveCfg = Release|x86
		{64BB601F-FFB1-43EB-B20B-8BC566C01C2A}.AppStore|Any CPU.Build.0 = Release|x86
		{64BB601F-FFB1-43EB-B20B-8BC566C01C2A}.AppStore|Any CPU.Deploy.0 = Release|x86
		{64BB601F-FFB1-43EB-B20B-8BC566C01C2A}.AppStore|ARM.ActiveCfg = Release|ARM
		{64BB601F-FFB1-43EB-B20B-8BC566C01C2A}.AppStore|ARM.Build.0 = Release|ARM
		{64BB601F-FFB1-43EB-B20B-8BC566C01C2A}.AppStore|ARM.Deploy.0 = Release|ARM
		{64BB601F-FFB1-43EB-B20B-8BC566C01C2A}.AppStore|iPhone.ActiveCfg = Release|x86
		{64BB601F-FFB1-43EB-B20B-8BC566C01C2A}.AppStore|iPhone.Build.0 = Release|x86
		{64BB601F-FFB1-43EB-B20B-8BC566C01C2A}.AppStore|iPhone.Deploy.0 = Release|x86
		{64BB601F-FFB1-43EB-B20B-8BC566C01C2A}.AppStore|iPhoneSimulator.ActiveCfg = Release|x86
		{64BB601F-FFB1-43EB-B20B-8BC566C01C2A}.AppStore|iPhoneSimulator.Build.0 = Release|x86
		{64BB601F-FFB1-43EB-B20B-8BC566C01C2A}.AppStore|iPhoneSimulator.Deploy.0 = Release|x86
		{64BB601F-FFB1-43EB-B20B-8BC566C01C2A}.AppStore|x64.ActiveCfg = Release|x64
		{64BB601F-FFB1-43EB-B20B-8BC566C01C2A}.AppStore|x64.Build.0 = Release|x64
		{64BB601F-FFB1-43EB-B20B-8BC566C01C2A}.AppStore|x64.Deploy.0 = Release|x64
		{64BB601F-FFB1-43EB-B20B-8BC566C01C2A}.AppStore|x86.ActiveCfg = Release|x86
		{64BB601F-FFB1-43EB-B20B-8BC566C01C2A}.AppStore|x86.Build.0 = Release|x86
		{64BB601F-FFB1-43EB-B20B-8BC566C01C2A}.AppStore|x86.Deploy.0 = Release|x86
		{64BB601F-FFB1-43EB-B20B-8BC566C01C2A}.Debug|Any CPU.ActiveCfg = Debug|x86
		{64BB601F-FFB1-43EB-B20B-8BC566C01C2A}.Debug|ARM.ActiveCfg = Debug|ARM
		{64BB601F-FFB1-43EB-B20B-8BC566C01C2A}.Debug|ARM.Build.0 = Debug|ARM
		{64BB601F-FFB1-43EB-B20B-8BC566C01C2A}.Debug|ARM.Deploy.0 = Debug|ARM
		{64BB601F-FFB1-43EB-B20B-8BC566C01C2A}.Debug|iPhone.ActiveCfg = Debug|x86
		{64BB601F-FFB1-43EB-B20B-8BC566C01C2A}.Debug|iPhoneSimulator.ActiveCfg = Debug|x86
		{64BB601F-FFB1-43EB-B20B-8BC566C01C2A}.Debug|x64.ActiveCfg = Debug|x64
		{64BB601F-FFB1-43EB-B20B-8BC566C01C2A}.Debug|x64.Build.0 = Debug|x64
		{64BB601F-FFB1-43EB-B20B-8BC566C01C2A}.Debug|x64.Deploy.0 = Debug|x64
		{64BB601F-FFB1-43EB-B20B-8BC566C01C2A}.Debug|x86.ActiveCfg = Debug|x86
		{64BB601F-FFB1-43EB-B20B-8BC566C01C2A}.Debug|x86.Build.0 = Debug|x86
		{64BB601F-FFB1-43EB-B20B-8BC566C01C2A}.Debug|x86.Deploy.0 = Debug|x86
		{64BB601F-FFB1-43EB-B20B-8BC566C01C2A}.Release|Any CPU.ActiveCfg = Release|x86
		{64BB601F-FFB1-43EB-B20B-8BC566C01C2A}.Release|ARM.ActiveCfg = Release|ARM
		{64BB601F-FFB1-43EB-B20B-8BC566C01C2A}.Release|ARM.Build.0 = Release|ARM
		{64BB601F-FFB1-43EB-B20B-8BC566C01C2A}.Release|ARM.Deploy.0 = Release|ARM
		{64BB601F-FFB1-43EB-B20B-8BC566C01C2A}.Release|iPhone.ActiveCfg = Release|x86
		{64BB601F-FFB1-43EB-B20B-8BC566C01C2A}.Release|iPhoneSimulator.ActiveCfg = Release|x86
		{64BB601F-FFB1-43EB-B20B-8BC566C01C2A}.Release|x64.ActiveCfg = Release|x64
		{64BB601F-FFB1-43EB-B20B-8BC566C01C2A}.Release|x64.Build.0 = Release|x64
		{64BB601F-FFB1-43EB-B20B-8BC566C01C2A}.Release|x64.Deploy.0 = Release|x64
		{64BB601F-FFB1-43EB-B20B-8BC566C01C2A}.Release|x86.ActiveCfg = Release|x86
		{64BB601F-FFB1-43EB-B20B-8BC566C01C2A}.Release|x86.Build.0 = Release|x86
		{64BB601F-FFB1-43EB-B20B-8BC566C01C2A}.Release|x86.Deploy.0 = Release|x86
		{EF7F3329-E703-4D37-8747-48ECF3845164}.Ad-Hoc|Any CPU.ActiveCfg = Release|Any CPU
		{EF7F3329-E703-4D37-8747-48ECF3845164}.Ad-Hoc|Any CPU.Build.0 = Release|Any CPU
		{EF7F3329-E703-4D37-8747-48ECF3845164}.Ad-Hoc|ARM.ActiveCfg = Release|Any CPU
		{EF7F3329-E703-4D37-8747-48ECF3845164}.Ad-Hoc|ARM.Build.0 = Release|Any CPU
		{EF7F3329-E703-4D37-8747-48ECF3845164}.Ad-Hoc|iPhone.ActiveCfg = Release|Any CPU
		{EF7F3329-E703-4D37-8747-48ECF3845164}.Ad-Hoc|iPhone.Build.0 = Release|Any CPU
		{EF7F3329-E703-4D37-8747-48ECF3845164}.Ad-Hoc|iPhoneSimulator.ActiveCfg = Release|Any CPU
		{EF7F3329-E703-4D37-8747-48ECF3845164}.Ad-Hoc|iPhoneSimulator.Build.0 = Release|Any CPU
		{EF7F3329-E703-4D37-8747-48ECF3845164}.Ad-Hoc|x64.ActiveCfg = Release|Any CPU
		{EF7F3329-E703-4D37-8747-48ECF3845164}.Ad-Hoc|x64.Build.0 = Release|Any CPU
		{EF7F3329-E703-4D37-8747-48ECF3845164}.Ad-Hoc|x86.ActiveCfg = Release|Any CPU
		{EF7F3329-E703-4D37-8747-48ECF3845164}.Ad-Hoc|x86.Build.0 = Release|Any CPU
		{EF7F3329-E703-4D37-8747-48ECF3845164}.AppStore|Any CPU.ActiveCfg = Release|Any CPU
		{EF7F3329-E703-4D37-8747-48ECF3845164}.AppStore|Any CPU.Build.0 = Release|Any CPU
		{EF7F3329-E703-4D37-8747-48ECF3845164}.AppStore|ARM.ActiveCfg = Release|Any CPU
		{EF7F3329-E703-4D37-8747-48ECF3845164}.AppStore|ARM.Build.0 = Release|Any CPU
		{EF7F3329-E703-4D37-8747-48ECF3845164}.AppStore|iPhone.ActiveCfg = Release|Any CPU
		{EF7F3329-E703-4D37-8747-48ECF3845164}.AppStore|iPhone.Build.0 = Release|Any CPU
		{EF7F3329-E703-4D37-8747-48ECF3845164}.AppStore|iPhoneSimulator.ActiveCfg = Release|Any CPU
		{EF7F3329-E703-4D37-8747-48ECF3845164}.AppStore|iPhoneSimulator.Build.0 = Release|Any CPU
		{EF7F3329-E703-4D37-8747-48ECF3845164}.AppStore|x64.ActiveCfg = Release|Any CPU
		{EF7F3329-E703-4D37-8747-48ECF3845164}.AppStore|x64.Build.0 = Release|Any CPU
		{EF7F3329-E703-4D37-8747-48ECF3845164}.AppStore|x86.ActiveCfg = Release|Any CPU
		{EF7F3329-E703-4D37-8747-48ECF3845164}.AppStore|x86.Build.0 = Release|Any CPU
		{EF7F3329-E703-4D37-8747-48ECF3845164}.Debug|Any CPU.ActiveCfg = Debug|Any CPU
		{EF7F3329-E703-4D37-8747-48ECF3845164}.Debug|Any CPU.Build.0 = Debug|Any CPU
		{EF7F3329-E703-4D37-8747-48ECF3845164}.Debug|ARM.ActiveCfg = Debug|Any CPU
		{EF7F3329-E703-4D37-8747-48ECF3845164}.Debug|ARM.Build.0 = Debug|Any CPU
		{EF7F3329-E703-4D37-8747-48ECF3845164}.Debug|iPhone.ActiveCfg = Debug|Any CPU
		{EF7F3329-E703-4D37-8747-48ECF3845164}.Debug|iPhone.Build.0 = Debug|Any CPU
		{EF7F3329-E703-4D37-8747-48ECF3845164}.Debug|iPhoneSimulator.ActiveCfg = Debug|Any CPU
		{EF7F3329-E703-4D37-8747-48ECF3845164}.Debug|iPhoneSimulator.Build.0 = Debug|Any CPU
		{EF7F3329-E703-4D37-8747-48ECF3845164}.Debug|x64.ActiveCfg = Debug|Any CPU
		{EF7F3329-E703-4D37-8747-48ECF3845164}.Debug|x64.Build.0 = Debug|Any CPU
		{EF7F3329-E703-4D37-8747-48ECF3845164}.Debug|x86.ActiveCfg = Debug|Any CPU
		{EF7F3329-E703-4D37-8747-48ECF3845164}.Debug|x86.Build.0 = Debug|Any CPU
		{EF7F3329-E703-4D37-8747-48ECF3845164}.Release|Any CPU.ActiveCfg = Release|Any CPU
		{EF7F3329-E703-4D37-8747-48ECF3845164}.Release|Any CPU.Build.0 = Release|Any CPU
		{EF7F3329-E703-4D37-8747-48ECF3845164}.Release|ARM.ActiveCfg = Release|Any CPU
		{EF7F3329-E703-4D37-8747-48ECF3845164}.Release|ARM.Build.0 = Release|Any CPU
		{EF7F3329-E703-4D37-8747-48ECF3845164}.Release|iPhone.ActiveCfg = Release|Any CPU
		{EF7F3329-E703-4D37-8747-48ECF3845164}.Release|iPhone.Build.0 = Release|Any CPU
		{EF7F3329-E703-4D37-8747-48ECF3845164}.Release|iPhoneSimulator.ActiveCfg = Release|Any CPU
		{EF7F3329-E703-4D37-8747-48ECF3845164}.Release|iPhoneSimulator.Build.0 = Release|Any CPU
		{EF7F3329-E703-4D37-8747-48ECF3845164}.Release|x64.ActiveCfg = Release|Any CPU
		{EF7F3329-E703-4D37-8747-48ECF3845164}.Release|x64.Build.0 = Release|Any CPU
		{EF7F3329-E703-4D37-8747-48ECF3845164}.Release|x86.ActiveCfg = Release|Any CPU
		{EF7F3329-E703-4D37-8747-48ECF3845164}.Release|x86.Build.0 = Release|Any CPU
		{D5CC1B95-C829-4F55-BA4C-37F61204E484}.Ad-Hoc|Any CPU.ActiveCfg = Release|Any CPU
		{D5CC1B95-C829-4F55-BA4C-37F61204E484}.Ad-Hoc|Any CPU.Build.0 = Release|Any CPU
		{D5CC1B95-C829-4F55-BA4C-37F61204E484}.Ad-Hoc|ARM.ActiveCfg = Release|Any CPU
		{D5CC1B95-C829-4F55-BA4C-37F61204E484}.Ad-Hoc|ARM.Build.0 = Release|Any CPU
		{D5CC1B95-C829-4F55-BA4C-37F61204E484}.Ad-Hoc|iPhone.ActiveCfg = Release|Any CPU
		{D5CC1B95-C829-4F55-BA4C-37F61204E484}.Ad-Hoc|iPhone.Build.0 = Release|Any CPU
		{D5CC1B95-C829-4F55-BA4C-37F61204E484}.Ad-Hoc|iPhoneSimulator.ActiveCfg = Release|Any CPU
		{D5CC1B95-C829-4F55-BA4C-37F61204E484}.Ad-Hoc|iPhoneSimulator.Build.0 = Release|Any CPU
		{D5CC1B95-C829-4F55-BA4C-37F61204E484}.Ad-Hoc|x64.ActiveCfg = Release|Any CPU
		{D5CC1B95-C829-4F55-BA4C-37F61204E484}.Ad-Hoc|x64.Build.0 = Release|Any CPU
		{D5CC1B95-C829-4F55-BA4C-37F61204E484}.Ad-Hoc|x86.ActiveCfg = Release|Any CPU
		{D5CC1B95-C829-4F55-BA4C-37F61204E484}.Ad-Hoc|x86.Build.0 = Release|Any CPU
		{D5CC1B95-C829-4F55-BA4C-37F61204E484}.AppStore|Any CPU.ActiveCfg = Release|Any CPU
		{D5CC1B95-C829-4F55-BA4C-37F61204E484}.AppStore|Any CPU.Build.0 = Release|Any CPU
		{D5CC1B95-C829-4F55-BA4C-37F61204E484}.AppStore|ARM.ActiveCfg = Release|Any CPU
		{D5CC1B95-C829-4F55-BA4C-37F61204E484}.AppStore|ARM.Build.0 = Release|Any CPU
		{D5CC1B95-C829-4F55-BA4C-37F61204E484}.AppStore|iPhone.ActiveCfg = Release|Any CPU
		{D5CC1B95-C829-4F55-BA4C-37F61204E484}.AppStore|iPhone.Build.0 = Release|Any CPU
		{D5CC1B95-C829-4F55-BA4C-37F61204E484}.AppStore|iPhoneSimulator.ActiveCfg = Release|Any CPU
		{D5CC1B95-C829-4F55-BA4C-37F61204E484}.AppStore|iPhoneSimulator.Build.0 = Release|Any CPU
		{D5CC1B95-C829-4F55-BA4C-37F61204E484}.AppStore|x64.ActiveCfg = Release|Any CPU
		{D5CC1B95-C829-4F55-BA4C-37F61204E484}.AppStore|x64.Build.0 = Release|Any CPU
		{D5CC1B95-C829-4F55-BA4C-37F61204E484}.AppStore|x86.ActiveCfg = Release|Any CPU
		{D5CC1B95-C829-4F55-BA4C-37F61204E484}.AppStore|x86.Build.0 = Release|Any CPU
		{D5CC1B95-C829-4F55-BA4C-37F61204E484}.Debug|Any CPU.ActiveCfg = Debug|Any CPU
		{D5CC1B95-C829-4F55-BA4C-37F61204E484}.Debug|Any CPU.Build.0 = Debug|Any CPU
		{D5CC1B95-C829-4F55-BA4C-37F61204E484}.Debug|ARM.ActiveCfg = Debug|Any CPU
		{D5CC1B95-C829-4F55-BA4C-37F61204E484}.Debug|ARM.Build.0 = Debug|Any CPU
		{D5CC1B95-C829-4F55-BA4C-37F61204E484}.Debug|iPhone.ActiveCfg = Debug|Any CPU
		{D5CC1B95-C829-4F55-BA4C-37F61204E484}.Debug|iPhone.Build.0 = Debug|Any CPU
		{D5CC1B95-C829-4F55-BA4C-37F61204E484}.Debug|iPhoneSimulator.ActiveCfg = Debug|Any CPU
		{D5CC1B95-C829-4F55-BA4C-37F61204E484}.Debug|iPhoneSimulator.Build.0 = Debug|Any CPU
		{D5CC1B95-C829-4F55-BA4C-37F61204E484}.Debug|x64.ActiveCfg = Debug|Any CPU
		{D5CC1B95-C829-4F55-BA4C-37F61204E484}.Debug|x64.Build.0 = Debug|Any CPU
		{D5CC1B95-C829-4F55-BA4C-37F61204E484}.Debug|x86.ActiveCfg = Debug|Any CPU
		{D5CC1B95-C829-4F55-BA4C-37F61204E484}.Debug|x86.Build.0 = Debug|Any CPU
		{D5CC1B95-C829-4F55-BA4C-37F61204E484}.Release|Any CPU.ActiveCfg = Release|Any CPU
		{D5CC1B95-C829-4F55-BA4C-37F61204E484}.Release|Any CPU.Build.0 = Release|Any CPU
		{D5CC1B95-C829-4F55-BA4C-37F61204E484}.Release|ARM.ActiveCfg = Release|Any CPU
		{D5CC1B95-C829-4F55-BA4C-37F61204E484}.Release|ARM.Build.0 = Release|Any CPU
		{D5CC1B95-C829-4F55-BA4C-37F61204E484}.Release|iPhone.ActiveCfg = Release|Any CPU
		{D5CC1B95-C829-4F55-BA4C-37F61204E484}.Release|iPhone.Build.0 = Release|Any CPU
		{D5CC1B95-C829-4F55-BA4C-37F61204E484}.Release|iPhoneSimulator.ActiveCfg = Release|Any CPU
		{D5CC1B95-C829-4F55-BA4C-37F61204E484}.Release|iPhoneSimulator.Build.0 = Release|Any CPU
		{D5CC1B95-C829-4F55-BA4C-37F61204E484}.Release|x64.ActiveCfg = Release|Any CPU
		{D5CC1B95-C829-4F55-BA4C-37F61204E484}.Release|x64.Build.0 = Release|Any CPU
		{D5CC1B95-C829-4F55-BA4C-37F61204E484}.Release|x86.ActiveCfg = Release|Any CPU
		{D5CC1B95-C829-4F55-BA4C-37F61204E484}.Release|x86.Build.0 = Release|Any CPU
		{1CA79C6E-B9ED-4B58-ABBA-4E441FC948DB}.Ad-Hoc|Any CPU.ActiveCfg = Release|Any CPU
		{1CA79C6E-B9ED-4B58-ABBA-4E441FC948DB}.Ad-Hoc|Any CPU.Build.0 = Release|Any CPU
		{1CA79C6E-B9ED-4B58-ABBA-4E441FC948DB}.Ad-Hoc|ARM.ActiveCfg = Release|Any CPU
		{1CA79C6E-B9ED-4B58-ABBA-4E441FC948DB}.Ad-Hoc|ARM.Build.0 = Release|Any CPU
		{1CA79C6E-B9ED-4B58-ABBA-4E441FC948DB}.Ad-Hoc|iPhone.ActiveCfg = Release|Any CPU
		{1CA79C6E-B9ED-4B58-ABBA-4E441FC948DB}.Ad-Hoc|iPhone.Build.0 = Release|Any CPU
		{1CA79C6E-B9ED-4B58-ABBA-4E441FC948DB}.Ad-Hoc|iPhoneSimulator.ActiveCfg = Release|Any CPU
		{1CA79C6E-B9ED-4B58-ABBA-4E441FC948DB}.Ad-Hoc|iPhoneSimulator.Build.0 = Release|Any CPU
		{1CA79C6E-B9ED-4B58-ABBA-4E441FC948DB}.Ad-Hoc|x64.ActiveCfg = Release|Any CPU
		{1CA79C6E-B9ED-4B58-ABBA-4E441FC948DB}.Ad-Hoc|x64.Build.0 = Release|Any CPU
		{1CA79C6E-B9ED-4B58-ABBA-4E441FC948DB}.Ad-Hoc|x86.ActiveCfg = Release|Any CPU
		{1CA79C6E-B9ED-4B58-ABBA-4E441FC948DB}.Ad-Hoc|x86.Build.0 = Release|Any CPU
		{1CA79C6E-B9ED-4B58-ABBA-4E441FC948DB}.AppStore|Any CPU.ActiveCfg = Release|Any CPU
		{1CA79C6E-B9ED-4B58-ABBA-4E441FC948DB}.AppStore|Any CPU.Build.0 = Release|Any CPU
		{1CA79C6E-B9ED-4B58-ABBA-4E441FC948DB}.AppStore|ARM.ActiveCfg = Release|Any CPU
		{1CA79C6E-B9ED-4B58-ABBA-4E441FC948DB}.AppStore|ARM.Build.0 = Release|Any CPU
		{1CA79C6E-B9ED-4B58-ABBA-4E441FC948DB}.AppStore|iPhone.ActiveCfg = Release|Any CPU
		{1CA79C6E-B9ED-4B58-ABBA-4E441FC948DB}.AppStore|iPhone.Build.0 = Release|Any CPU
		{1CA79C6E-B9ED-4B58-ABBA-4E441FC948DB}.AppStore|iPhoneSimulator.ActiveCfg = Release|Any CPU
		{1CA79C6E-B9ED-4B58-ABBA-4E441FC948DB}.AppStore|iPhoneSimulator.Build.0 = Release|Any CPU
		{1CA79C6E-B9ED-4B58-ABBA-4E441FC948DB}.AppStore|x64.ActiveCfg = Release|Any CPU
		{1CA79C6E-B9ED-4B58-ABBA-4E441FC948DB}.AppStore|x64.Build.0 = Release|Any CPU
		{1CA79C6E-B9ED-4B58-ABBA-4E441FC948DB}.AppStore|x86.ActiveCfg = Release|Any CPU
		{1CA79C6E-B9ED-4B58-ABBA-4E441FC948DB}.AppStore|x86.Build.0 = Release|Any CPU
		{1CA79C6E-B9ED-4B58-ABBA-4E441FC948DB}.Debug|Any CPU.ActiveCfg = Debug|Any CPU
		{1CA79C6E-B9ED-4B58-ABBA-4E441FC948DB}.Debug|Any CPU.Build.0 = Debug|Any CPU
		{1CA79C6E-B9ED-4B58-ABBA-4E441FC948DB}.Debug|Any CPU.Deploy.0 = Debug|Any CPU
		{1CA79C6E-B9ED-4B58-ABBA-4E441FC948DB}.Debug|ARM.ActiveCfg = Debug|Any CPU
		{1CA79C6E-B9ED-4B58-ABBA-4E441FC948DB}.Debug|ARM.Build.0 = Debug|Any CPU
		{1CA79C6E-B9ED-4B58-ABBA-4E441FC948DB}.Debug|iPhone.ActiveCfg = Debug|Any CPU
		{1CA79C6E-B9ED-4B58-ABBA-4E441FC948DB}.Debug|iPhone.Build.0 = Debug|Any CPU
		{1CA79C6E-B9ED-4B58-ABBA-4E441FC948DB}.Debug|iPhoneSimulator.ActiveCfg = Debug|Any CPU
		{1CA79C6E-B9ED-4B58-ABBA-4E441FC948DB}.Debug|iPhoneSimulator.Build.0 = Debug|Any CPU
		{1CA79C6E-B9ED-4B58-ABBA-4E441FC948DB}.Debug|x64.ActiveCfg = Debug|Any CPU
		{1CA79C6E-B9ED-4B58-ABBA-4E441FC948DB}.Debug|x64.Build.0 = Debug|Any CPU
		{1CA79C6E-B9ED-4B58-ABBA-4E441FC948DB}.Debug|x86.ActiveCfg = Debug|Any CPU
		{1CA79C6E-B9ED-4B58-ABBA-4E441FC948DB}.Debug|x86.Build.0 = Debug|Any CPU
		{1CA79C6E-B9ED-4B58-ABBA-4E441FC948DB}.Release|Any CPU.ActiveCfg = Release|Any CPU
		{1CA79C6E-B9ED-4B58-ABBA-4E441FC948DB}.Release|Any CPU.Build.0 = Release|Any CPU
		{1CA79C6E-B9ED-4B58-ABBA-4E441FC948DB}.Release|Any CPU.Deploy.0 = Release|Any CPU
		{1CA79C6E-B9ED-4B58-ABBA-4E441FC948DB}.Release|ARM.ActiveCfg = Release|Any CPU
		{1CA79C6E-B9ED-4B58-ABBA-4E441FC948DB}.Release|ARM.Build.0 = Release|Any CPU
		{1CA79C6E-B9ED-4B58-ABBA-4E441FC948DB}.Release|iPhone.ActiveCfg = Release|Any CPU
		{1CA79C6E-B9ED-4B58-ABBA-4E441FC948DB}.Release|iPhone.Build.0 = Release|Any CPU
		{1CA79C6E-B9ED-4B58-ABBA-4E441FC948DB}.Release|iPhoneSimulator.ActiveCfg = Release|Any CPU
		{1CA79C6E-B9ED-4B58-ABBA-4E441FC948DB}.Release|iPhoneSimulator.Build.0 = Release|Any CPU
		{1CA79C6E-B9ED-4B58-ABBA-4E441FC948DB}.Release|x64.ActiveCfg = Release|Any CPU
		{1CA79C6E-B9ED-4B58-ABBA-4E441FC948DB}.Release|x64.Build.0 = Release|Any CPU
		{1CA79C6E-B9ED-4B58-ABBA-4E441FC948DB}.Release|x86.ActiveCfg = Release|Any CPU
		{1CA79C6E-B9ED-4B58-ABBA-4E441FC948DB}.Release|x86.Build.0 = Release|Any CPU
		{DCA3221C-C23D-4C93-AE6F-690360739FED}.Ad-Hoc|Any CPU.ActiveCfg = Release|Any CPU
		{DCA3221C-C23D-4C93-AE6F-690360739FED}.Ad-Hoc|Any CPU.Build.0 = Release|Any CPU
		{DCA3221C-C23D-4C93-AE6F-690360739FED}.Ad-Hoc|ARM.ActiveCfg = Release|Any CPU
		{DCA3221C-C23D-4C93-AE6F-690360739FED}.Ad-Hoc|ARM.Build.0 = Release|Any CPU
		{DCA3221C-C23D-4C93-AE6F-690360739FED}.Ad-Hoc|iPhone.ActiveCfg = Release|Any CPU
		{DCA3221C-C23D-4C93-AE6F-690360739FED}.Ad-Hoc|iPhone.Build.0 = Release|Any CPU
		{DCA3221C-C23D-4C93-AE6F-690360739FED}.Ad-Hoc|iPhoneSimulator.ActiveCfg = Release|Any CPU
		{DCA3221C-C23D-4C93-AE6F-690360739FED}.Ad-Hoc|iPhoneSimulator.Build.0 = Release|Any CPU
		{DCA3221C-C23D-4C93-AE6F-690360739FED}.Ad-Hoc|x64.ActiveCfg = Release|Any CPU
		{DCA3221C-C23D-4C93-AE6F-690360739FED}.Ad-Hoc|x64.Build.0 = Release|Any CPU
		{DCA3221C-C23D-4C93-AE6F-690360739FED}.Ad-Hoc|x86.ActiveCfg = Release|Any CPU
		{DCA3221C-C23D-4C93-AE6F-690360739FED}.Ad-Hoc|x86.Build.0 = Release|Any CPU
		{DCA3221C-C23D-4C93-AE6F-690360739FED}.AppStore|Any CPU.ActiveCfg = Release|Any CPU
		{DCA3221C-C23D-4C93-AE6F-690360739FED}.AppStore|Any CPU.Build.0 = Release|Any CPU
		{DCA3221C-C23D-4C93-AE6F-690360739FED}.AppStore|ARM.ActiveCfg = Release|Any CPU
		{DCA3221C-C23D-4C93-AE6F-690360739FED}.AppStore|ARM.Build.0 = Release|Any CPU
		{DCA3221C-C23D-4C93-AE6F-690360739FED}.AppStore|iPhone.ActiveCfg = Release|Any CPU
		{DCA3221C-C23D-4C93-AE6F-690360739FED}.AppStore|iPhone.Build.0 = Release|Any CPU
		{DCA3221C-C23D-4C93-AE6F-690360739FED}.AppStore|iPhoneSimulator.ActiveCfg = Release|Any CPU
		{DCA3221C-C23D-4C93-AE6F-690360739FED}.AppStore|iPhoneSimulator.Build.0 = Release|Any CPU
		{DCA3221C-C23D-4C93-AE6F-690360739FED}.AppStore|x64.ActiveCfg = Release|Any CPU
		{DCA3221C-C23D-4C93-AE6F-690360739FED}.AppStore|x64.Build.0 = Release|Any CPU
		{DCA3221C-C23D-4C93-AE6F-690360739FED}.AppStore|x86.ActiveCfg = Release|Any CPU
		{DCA3221C-C23D-4C93-AE6F-690360739FED}.AppStore|x86.Build.0 = Release|Any CPU
		{DCA3221C-C23D-4C93-AE6F-690360739FED}.Debug|Any CPU.ActiveCfg = Debug|Any CPU
		{DCA3221C-C23D-4C93-AE6F-690360739FED}.Debug|Any CPU.Build.0 = Debug|Any CPU
		{DCA3221C-C23D-4C93-AE6F-690360739FED}.Debug|ARM.ActiveCfg = Debug|Any CPU
		{DCA3221C-C23D-4C93-AE6F-690360739FED}.Debug|ARM.Build.0 = Debug|Any CPU
		{DCA3221C-C23D-4C93-AE6F-690360739FED}.Debug|iPhone.ActiveCfg = Debug|Any CPU
		{DCA3221C-C23D-4C93-AE6F-690360739FED}.Debug|iPhone.Build.0 = Debug|Any CPU
		{DCA3221C-C23D-4C93-AE6F-690360739FED}.Debug|iPhoneSimulator.ActiveCfg = Debug|Any CPU
		{DCA3221C-C23D-4C93-AE6F-690360739FED}.Debug|iPhoneSimulator.Build.0 = Debug|Any CPU
		{DCA3221C-C23D-4C93-AE6F-690360739FED}.Debug|x64.ActiveCfg = Debug|Any CPU
		{DCA3221C-C23D-4C93-AE6F-690360739FED}.Debug|x64.Build.0 = Debug|Any CPU
		{DCA3221C-C23D-4C93-AE6F-690360739FED}.Debug|x86.ActiveCfg = Debug|Any CPU
		{DCA3221C-C23D-4C93-AE6F-690360739FED}.Debug|x86.Build.0 = Debug|Any CPU
		{DCA3221C-C23D-4C93-AE6F-690360739FED}.Release|Any CPU.ActiveCfg = Release|Any CPU
		{DCA3221C-C23D-4C93-AE6F-690360739FED}.Release|Any CPU.Build.0 = Release|Any CPU
		{DCA3221C-C23D-4C93-AE6F-690360739FED}.Release|ARM.ActiveCfg = Release|Any CPU
		{DCA3221C-C23D-4C93-AE6F-690360739FED}.Release|ARM.Build.0 = Release|Any CPU
		{DCA3221C-C23D-4C93-AE6F-690360739FED}.Release|iPhone.ActiveCfg = Release|Any CPU
		{DCA3221C-C23D-4C93-AE6F-690360739FED}.Release|iPhone.Build.0 = Release|Any CPU
		{DCA3221C-C23D-4C93-AE6F-690360739FED}.Release|iPhoneSimulator.ActiveCfg = Release|Any CPU
		{DCA3221C-C23D-4C93-AE6F-690360739FED}.Release|iPhoneSimulator.Build.0 = Release|Any CPU
		{DCA3221C-C23D-4C93-AE6F-690360739FED}.Release|x64.ActiveCfg = Release|Any CPU
		{DCA3221C-C23D-4C93-AE6F-690360739FED}.Release|x64.Build.0 = Release|Any CPU
		{DCA3221C-C23D-4C93-AE6F-690360739FED}.Release|x86.ActiveCfg = Release|Any CPU
		{DCA3221C-C23D-4C93-AE6F-690360739FED}.Release|x86.Build.0 = Release|Any CPU
		{829A2AC4-F078-4951-99A8-12E2A421F167}.Ad-Hoc|Any CPU.ActiveCfg = Release|x64
		{829A2AC4-F078-4951-99A8-12E2A421F167}.Ad-Hoc|Any CPU.Build.0 = Release|x64
		{829A2AC4-F078-4951-99A8-12E2A421F167}.Ad-Hoc|Any CPU.Deploy.0 = Release|x64
		{829A2AC4-F078-4951-99A8-12E2A421F167}.Ad-Hoc|ARM.ActiveCfg = Release|ARM
		{829A2AC4-F078-4951-99A8-12E2A421F167}.Ad-Hoc|ARM.Build.0 = Release|ARM
		{829A2AC4-F078-4951-99A8-12E2A421F167}.Ad-Hoc|ARM.Deploy.0 = Release|ARM
		{829A2AC4-F078-4951-99A8-12E2A421F167}.Ad-Hoc|ARM64.ActiveCfg = Release|ARM64
		{829A2AC4-F078-4951-99A8-12E2A421F167}.Ad-Hoc|ARM64.Build.0 = Release|ARM64
		{829A2AC4-F078-4951-99A8-12E2A421F167}.Ad-Hoc|ARM64.Deploy.0 = Release|ARM64
		{829A2AC4-F078-4951-99A8-12E2A421F167}.Ad-Hoc|iPhone.ActiveCfg = Release|x64
		{829A2AC4-F078-4951-99A8-12E2A421F167}.Ad-Hoc|iPhone.Build.0 = Release|x64
		{829A2AC4-F078-4951-99A8-12E2A421F167}.Ad-Hoc|iPhone.Deploy.0 = Release|x64
		{829A2AC4-F078-4951-99A8-12E2A421F167}.Ad-Hoc|iPhoneSimulator.ActiveCfg = Release|x64
		{829A2AC4-F078-4951-99A8-12E2A421F167}.Ad-Hoc|iPhoneSimulator.Build.0 = Release|x64
		{829A2AC4-F078-4951-99A8-12E2A421F167}.Ad-Hoc|iPhoneSimulator.Deploy.0 = Release|x64
		{829A2AC4-F078-4951-99A8-12E2A421F167}.Ad-Hoc|x64.ActiveCfg = Release|x64
		{829A2AC4-F078-4951-99A8-12E2A421F167}.Ad-Hoc|x64.Build.0 = Release|x64
		{829A2AC4-F078-4951-99A8-12E2A421F167}.Ad-Hoc|x64.Deploy.0 = Release|x64
		{829A2AC4-F078-4951-99A8-12E2A421F167}.Ad-Hoc|x86.ActiveCfg = Release|x86
		{829A2AC4-F078-4951-99A8-12E2A421F167}.Ad-Hoc|x86.Build.0 = Release|x86
		{829A2AC4-F078-4951-99A8-12E2A421F167}.Ad-Hoc|x86.Deploy.0 = Release|x86
		{829A2AC4-F078-4951-99A8-12E2A421F167}.AppStore|Any CPU.ActiveCfg = Release|x64
		{829A2AC4-F078-4951-99A8-12E2A421F167}.AppStore|Any CPU.Build.0 = Release|x64
		{829A2AC4-F078-4951-99A8-12E2A421F167}.AppStore|Any CPU.Deploy.0 = Release|x64
		{829A2AC4-F078-4951-99A8-12E2A421F167}.AppStore|ARM.ActiveCfg = Release|ARM
		{829A2AC4-F078-4951-99A8-12E2A421F167}.AppStore|ARM.Build.0 = Release|ARM
		{829A2AC4-F078-4951-99A8-12E2A421F167}.AppStore|ARM.Deploy.0 = Release|ARM
		{829A2AC4-F078-4951-99A8-12E2A421F167}.AppStore|ARM64.ActiveCfg = Release|ARM64
		{829A2AC4-F078-4951-99A8-12E2A421F167}.AppStore|ARM64.Build.0 = Release|ARM64
		{829A2AC4-F078-4951-99A8-12E2A421F167}.AppStore|ARM64.Deploy.0 = Release|ARM64
		{829A2AC4-F078-4951-99A8-12E2A421F167}.AppStore|iPhone.ActiveCfg = Release|x64
		{829A2AC4-F078-4951-99A8-12E2A421F167}.AppStore|iPhone.Build.0 = Release|x64
		{829A2AC4-F078-4951-99A8-12E2A421F167}.AppStore|iPhone.Deploy.0 = Release|x64
		{829A2AC4-F078-4951-99A8-12E2A421F167}.AppStore|iPhoneSimulator.ActiveCfg = Release|x64
		{829A2AC4-F078-4951-99A8-12E2A421F167}.AppStore|iPhoneSimulator.Build.0 = Release|x64
		{829A2AC4-F078-4951-99A8-12E2A421F167}.AppStore|iPhoneSimulator.Deploy.0 = Release|x64
		{829A2AC4-F078-4951-99A8-12E2A421F167}.AppStore|x64.ActiveCfg = Release|x64
		{829A2AC4-F078-4951-99A8-12E2A421F167}.AppStore|x64.Build.0 = Release|x64
		{829A2AC4-F078-4951-99A8-12E2A421F167}.AppStore|x64.Deploy.0 = Release|x64
		{829A2AC4-F078-4951-99A8-12E2A421F167}.AppStore|x86.ActiveCfg = Release|x86
		{829A2AC4-F078-4951-99A8-12E2A421F167}.AppStore|x86.Build.0 = Release|x86
		{829A2AC4-F078-4951-99A8-12E2A421F167}.AppStore|x86.Deploy.0 = Release|x86
		{829A2AC4-F078-4951-99A8-12E2A421F167}.Debug|Any CPU.ActiveCfg = Debug|x86
		{829A2AC4-F078-4951-99A8-12E2A421F167}.Debug|ARM.ActiveCfg = Debug|ARM
		{829A2AC4-F078-4951-99A8-12E2A421F167}.Debug|ARM.Build.0 = Debug|ARM
		{829A2AC4-F078-4951-99A8-12E2A421F167}.Debug|ARM.Deploy.0 = Debug|ARM
		{829A2AC4-F078-4951-99A8-12E2A421F167}.Debug|ARM64.ActiveCfg = Debug|ARM64
		{829A2AC4-F078-4951-99A8-12E2A421F167}.Debug|ARM64.Build.0 = Debug|ARM64
		{829A2AC4-F078-4951-99A8-12E2A421F167}.Debug|ARM64.Deploy.0 = Debug|ARM64
		{829A2AC4-F078-4951-99A8-12E2A421F167}.Debug|iPhone.ActiveCfg = Debug|x86
		{829A2AC4-F078-4951-99A8-12E2A421F167}.Debug|iPhoneSimulator.ActiveCfg = Debug|x86
		{829A2AC4-F078-4951-99A8-12E2A421F167}.Debug|x64.ActiveCfg = Debug|x64
		{829A2AC4-F078-4951-99A8-12E2A421F167}.Debug|x64.Build.0 = Debug|x64
		{829A2AC4-F078-4951-99A8-12E2A421F167}.Debug|x64.Deploy.0 = Debug|x64
		{829A2AC4-F078-4951-99A8-12E2A421F167}.Debug|x86.ActiveCfg = Debug|x86
		{829A2AC4-F078-4951-99A8-12E2A421F167}.Debug|x86.Build.0 = Debug|x86
		{829A2AC4-F078-4951-99A8-12E2A421F167}.Debug|x86.Deploy.0 = Debug|x86
		{829A2AC4-F078-4951-99A8-12E2A421F167}.Release|Any CPU.ActiveCfg = Release|x86
		{829A2AC4-F078-4951-99A8-12E2A421F167}.Release|ARM.ActiveCfg = Release|ARM
		{829A2AC4-F078-4951-99A8-12E2A421F167}.Release|ARM.Build.0 = Release|ARM
		{829A2AC4-F078-4951-99A8-12E2A421F167}.Release|ARM.Deploy.0 = Release|ARM
		{829A2AC4-F078-4951-99A8-12E2A421F167}.Release|ARM64.ActiveCfg = Release|ARM64
		{829A2AC4-F078-4951-99A8-12E2A421F167}.Release|ARM64.Build.0 = Release|ARM64
		{829A2AC4-F078-4951-99A8-12E2A421F167}.Release|ARM64.Deploy.0 = Release|ARM64
		{829A2AC4-F078-4951-99A8-12E2A421F167}.Release|iPhone.ActiveCfg = Release|x86
		{829A2AC4-F078-4951-99A8-12E2A421F167}.Release|iPhoneSimulator.ActiveCfg = Release|x86
		{829A2AC4-F078-4951-99A8-12E2A421F167}.Release|x64.ActiveCfg = Release|x64
		{829A2AC4-F078-4951-99A8-12E2A421F167}.Release|x64.Build.0 = Release|x64
		{829A2AC4-F078-4951-99A8-12E2A421F167}.Release|x64.Deploy.0 = Release|x64
		{829A2AC4-F078-4951-99A8-12E2A421F167}.Release|x86.ActiveCfg = Release|x86
		{829A2AC4-F078-4951-99A8-12E2A421F167}.Release|x86.Build.0 = Release|x86
		{829A2AC4-F078-4951-99A8-12E2A421F167}.Release|x86.Deploy.0 = Release|x86
	EndGlobalSection
	GlobalSection(SolutionProperties) = preSolution
		HideSolutionNode = FALSE
	EndGlobalSection
	GlobalSection(ExtensibilityGlobals) = postSolution
		SolutionGuid = {F6D05029-56B8-4E45-AF2D-0E76295DDBA2}
	EndGlobalSection
EndGlobal
